
Microsoft Visual Studio Solution File, Format Version 12.00
# Visual Studio Version 16
VisualStudioVersion = 16.0.31025.194
MinimumVisualStudioVersion = 10.0.40219.1
Project("{9A19103F-16F7-4668-BE54-9A1E7A4F7556}") = "CinemaBookingSystem", "CinemaBookingSystem\CinemaBookingSystem.csproj", "{BB42C959-CE8A-451A-B455-D4164CCD1B42}"
EndProject
Project("{2150E333-8FDC-42A3-9474-1A3956D46DE8}") = "Cinema_App", "Cinema_App", "{8E8CD632-5C6E-4731-811B-24A04595C365}"
	ProjectSection(SolutionItems) = preProject
		ComingSoon.html = ComingSoon.html
		ContactUs.html = ContactUs.html
		Movie.html = Movie.html
		MoviesByCategory.html = MoviesByCategory.html
		MyBooking.html = MyBooking.html
		NowPlaying.html = NowPlaying.html
		StarCinema.html = StarCinema.html
	EndProjectSection
EndProject
Project("{9A19103F-16F7-4668-BE54-9A1E7A4F7556}") = "Cinema_Console", "Cinema_Console\Cinema_Console.csproj", "{753956C4-DA38-4F3E-8E2B-6F1B906B84DB}"
EndProject
Project("{FAE04EC0-301F-11D3-BF4B-00C04F79EFBC}") = "CinemaWeb2", "CinemaWeb2\CinemaWeb2.csproj", "{ECB9D721-CA76-4E34-965B-08670F5385AD}"
EndProject
Global
	GlobalSection(SolutionConfigurationPlatforms) = preSolution
		Debug|Any CPU = Debug|Any CPU
		Release|Any CPU = Release|Any CPU
	EndGlobalSection
	GlobalSection(ProjectConfigurationPlatforms) = postSolution
		{BB42C959-CE8A-451A-B455-D4164CCD1B42}.Debug|Any CPU.ActiveCfg = Debug|Any CPU
		{BB42C959-CE8A-451A-B455-D4164CCD1B42}.Debug|Any CPU.Build.0 = Debug|Any CPU
		{BB42C959-CE8A-451A-B455-D4164CCD1B42}.Release|Any CPU.ActiveCfg = Release|Any CPU
		{BB42C959-CE8A-451A-B455-D4164CCD1B42}.Release|Any CPU.Build.0 = Release|Any CPU
		{753956C4-DA38-4F3E-8E2B-6F1B906B84DB}.Debug|Any CPU.ActiveCfg = Debug|Any CPU
		{753956C4-DA38-4F3E-8E2B-6F1B906B84DB}.Debug|Any CPU.Build.0 = Debug|Any CPU
		{753956C4-DA38-4F3E-8E2B-6F1B906B84DB}.Release|Any CPU.ActiveCfg = Release|Any CPU
		{753956C4-DA38-4F3E-8E2B-6F1B906B84DB}.Release|Any CPU.Build.0 = Release|Any CPU
		{ECB9D721-CA76-4E34-965B-08670F5385AD}.Debug|Any CPU.ActiveCfg = Debug|Any CPU
		{ECB9D721-CA76-4E34-965B-08670F5385AD}.Debug|Any CPU.Build.0 = Debug|Any CPU
		{ECB9D721-CA76-4E34-965B-08670F5385AD}.Release|Any CPU.ActiveCfg = Release|Any CPU
		{ECB9D721-CA76-4E34-965B-08670F5385AD}.Release|Any CPU.Build.0 = Release|Any CPU
	EndGlobalSection
	GlobalSection(SolutionProperties) = preSolution
		HideSolutionNode = FALSE
	EndGlobalSection
	GlobalSection(ExtensibilityGlobals) = postSolution
		SolutionGuid = {E2305CF0-5D6D-4360-8E51-8DB98DC29EC7}
	EndGlobalSection
EndGlobal
